// !$*UTF8*$!
{
	archiveVersion = 1;
	classes = {
	};
	objectVersion = 56;
	objects = {

/* Begin PBXBuildFile section */
		989F54382B4EA00B0098E63C /* AppetizersApp.swift in Sources */ = {isa = PBXBuildFile; fileRef = 989F54372B4EA00B0098E63C /* AppetizersApp.swift */; };
		989F543A2B4EA00B0098E63C /* AppetizerTabView.swift in Sources */ = {isa = PBXBuildFile; fileRef = 989F54392B4EA00B0098E63C /* AppetizerTabView.swift */; };
		989F543C2B4EA00E0098E63C /* Assets.xcassets in Resources */ = {isa = PBXBuildFile; fileRef = 989F543B2B4EA00E0098E63C /* Assets.xcassets */; };
		989F543F2B4EA00E0098E63C /* Preview Assets.xcassets in Resources */ = {isa = PBXBuildFile; fileRef = 989F543E2B4EA00E0098E63C /* Preview Assets.xcassets */; };
		989F54462B4EA49F0098E63C /* AppetizerListView.swift in Sources */ = {isa = PBXBuildFile; fileRef = 989F54452B4EA49F0098E63C /* AppetizerListView.swift */; };
		989F54482B4EA4B30098E63C /* AccountView.swift in Sources */ = {isa = PBXBuildFile; fileRef = 989F54472B4EA4B30098E63C /* AccountView.swift */; };
		989F544A2B4EA4CD0098E63C /* OrderView.swift in Sources */ = {isa = PBXBuildFile; fileRef = 989F54492B4EA4CD0098E63C /* OrderView.swift */; };
		989F544C2B4EB6AC0098E63C /* Appetizer.swift in Sources */ = {isa = PBXBuildFile; fileRef = 989F544B2B4EB6AC0098E63C /* Appetizer.swift */; };
		989F544E2B4EBE100098E63C /* AppetizerListCell.swift in Sources */ = {isa = PBXBuildFile; fileRef = 989F544D2B4EBE100098E63C /* AppetizerListCell.swift */; };
		989F54502B4ED8B80098E63C /* NetworkManager.swift in Sources */ = {isa = PBXBuildFile; fileRef = 989F544F2B4ED8B80098E63C /* NetworkManager.swift */; };
		989F54522B4EDBB80098E63C /* APError.swift in Sources */ = {isa = PBXBuildFile; fileRef = 989F54512B4EDBB80098E63C /* APError.swift */; };
		989F54542B4EEF560098E63C /* AppetizerListViewModel.swift in Sources */ = {isa = PBXBuildFile; fileRef = 989F54532B4EEF560098E63C /* AppetizerListViewModel.swift */; };
		989F54562B4EF1E20098E63C /* Alert.swift in Sources */ = {isa = PBXBuildFile; fileRef = 989F54552B4EF1E20098E63C /* Alert.swift */; };
		989F54582B4FFC8A0098E63C /* LoadingView.swift in Sources */ = {isa = PBXBuildFile; fileRef = 989F54572B4FFC8A0098E63C /* LoadingView.swift */; };
		989F545A2B4FFE0D0098E63C /* Color+Ext.swift in Sources */ = {isa = PBXBuildFile; fileRef = 989F54592B4FFE0D0098E63C /* Color+Ext.swift */; };
		989F545C2B50137A0098E63C /* RemoteImage.swift in Sources */ = {isa = PBXBuildFile; fileRef = 989F545B2B50137A0098E63C /* RemoteImage.swift */; };
		989F546B2B502FEE0098E63C /* AppetizerDetailView.swift in Sources */ = {isa = PBXBuildFile; fileRef = 989F546A2B502FEE0098E63C /* AppetizerDetailView.swift */; };
/* End PBXBuildFile section */

/* Begin PBXFileReference section */
		989F54342B4EA00B0098E63C /* Appetizers.app */ = {isa = PBXFileReference; explicitFileType = wrapper.application; includeInIndex = 0; path = Appetizers.app; sourceTree = BUILT_PRODUCTS_DIR; };
		989F54372B4EA00B0098E63C /* AppetizersApp.swift */ = {isa = PBXFileReference; lastKnownFileType = sourcecode.swift; path = AppetizersApp.swift; sourceTree = "<group>"; };
		989F54392B4EA00B0098E63C /* AppetizerTabView.swift */ = {isa = PBXFileReference; lastKnownFileType = sourcecode.swift; path = AppetizerTabView.swift; sourceTree = "<group>"; };
		989F543B2B4EA00E0098E63C /* Assets.xcassets */ = {isa = PBXFileReference; lastKnownFileType = folder.assetcatalog; path = Assets.xcassets; sourceTree = "<group>"; };
		989F543E2B4EA00E0098E63C /* Preview Assets.xcassets */ = {isa = PBXFileReference; lastKnownFileType = folder.assetcatalog; path = "Preview Assets.xcassets"; sourceTree = "<group>"; };
		989F54452B4EA49F0098E63C /* AppetizerListView.swift */ = {isa = PBXFileReference; lastKnownFileType = sourcecode.swift; path = AppetizerListView.swift; sourceTree = "<group>"; };
		989F54472B4EA4B30098E63C /* AccountView.swift */ = {isa = PBXFileReference; lastKnownFileType = sourcecode.swift; path = AccountView.swift; sourceTree = "<group>"; };
		989F54492B4EA4CD0098E63C /* OrderView.swift */ = {isa = PBXFileReference; lastKnownFileType = sourcecode.swift; path = OrderView.swift; sourceTree = "<group>"; };
		989F544B2B4EB6AC0098E63C /* Appetizer.swift */ = {isa = PBXFileReference; lastKnownFileType = sourcecode.swift; path = Appetizer.swift; sourceTree = "<group>"; };
		989F544D2B4EBE100098E63C /* AppetizerListCell.swift */ = {isa = PBXFileReference; lastKnownFileType = sourcecode.swift; path = AppetizerListCell.swift; sourceTree = "<group>"; };
		989F544F2B4ED8B80098E63C /* NetworkManager.swift */ = {isa = PBXFileReference; lastKnownFileType = sourcecode.swift; path = NetworkManager.swift; sourceTree = "<group>"; };
		989F54512B4EDBB80098E63C /* APError.swift */ = {isa = PBXFileReference; lastKnownFileType = sourcecode.swift; path = APError.swift; sourceTree = "<group>"; };
		989F54532B4EEF560098E63C /* AppetizerListViewModel.swift */ = {isa = PBXFileReference; lastKnownFileType = sourcecode.swift; path = AppetizerListViewModel.swift; sourceTree = "<group>"; };
		989F54552B4EF1E20098E63C /* Alert.swift */ = {isa = PBXFileReference; lastKnownFileType = sourcecode.swift; path = Alert.swift; sourceTree = "<group>"; };
		989F54572B4FFC8A0098E63C /* LoadingView.swift */ = {isa = PBXFileReference; lastKnownFileType = sourcecode.swift; path = LoadingView.swift; sourceTree = "<group>"; };
		989F54592B4FFE0D0098E63C /* Color+Ext.swift */ = {isa = PBXFileReference; lastKnownFileType = sourcecode.swift; path = "Color+Ext.swift"; sourceTree = "<group>"; };
		989F545B2B50137A0098E63C /* RemoteImage.swift */ = {isa = PBXFileReference; lastKnownFileType = sourcecode.swift; path = RemoteImage.swift; sourceTree = "<group>"; };
		989F546A2B502FEE0098E63C /* AppetizerDetailView.swift */ = {isa = PBXFileReference; lastKnownFileType = sourcecode.swift; path = AppetizerDetailView.swift; sourceTree = "<group>"; };
/* End PBXFileReference section */

/* Begin PBXFrameworksBuildPhase section */
		989F54312B4EA00B0098E63C /* Frameworks */ = {
			isa = PBXFrameworksBuildPhase;
			buildActionMask = 2147483647;
			files = (
			);
			runOnlyForDeploymentPostprocessing = 0;
		};
/* End PBXFrameworksBuildPhase section */

/* Begin PBXGroup section */
		989F542B2B4EA00B0098E63C = {
			isa = PBXGroup;
			children = (
				989F54362B4EA00B0098E63C /* Appetizers */,
				989F54352B4EA00B0098E63C /* Products */,
			);
			sourceTree = "<group>";
		};
		989F54352B4EA00B0098E63C /* Products */ = {
			isa = PBXGroup;
			children = (
				989F54342B4EA00B0098E63C /* Appetizers.app */,
			);
			name = Products;
			sourceTree = "<group>";
		};
		989F54362B4EA00B0098E63C /* Appetizers */ = {
			isa = PBXGroup;
			children = (
				989F54662B502D410098E63C /* Views */,
				989F54652B502CD70098E63C /* Model */,
				989F54612B502C5F0098E63C /* Utilities */,
				989F545D2B502B9C0098E63C /* Screens */,
				989F54372B4EA00B0098E63C /* AppetizersApp.swift */,
				989F543B2B4EA00E0098E63C /* Assets.xcassets */,
				989F543D2B4EA00E0098E63C /* Preview Content */,
			);
			path = Appetizers;
			sourceTree = "<group>";
		};
		989F543D2B4EA00E0098E63C /* Preview Content */ = {
			isa = PBXGroup;
			children = (
				989F543E2B4EA00E0098E63C /* Preview Assets.xcassets */,
			);
			path = "Preview Content";
			sourceTree = "<group>";
		};
		989F545D2B502B9C0098E63C /* Screens */ = {
			isa = PBXGroup;
			children = (
				989F54392B4EA00B0098E63C /* AppetizerTabView.swift */,
				989F545F2B502BBB0098E63C /* AccountView */,
				989F545E2B502BA60098E63C /* AppetizerListView */,
				989F54602B502BCE0098E63C /* OrderView */,
			);
			path = Screens;
			sourceTree = "<group>";
		};
		989F545E2B502BA60098E63C /* AppetizerListView */ = {
			isa = PBXGroup;
			children = (
				989F54532B4EEF560098E63C /* AppetizerListViewModel.swift */,
				989F54452B4EA49F0098E63C /* AppetizerListView.swift */,
				989F546A2B502FEE0098E63C /* AppetizerDetailView.swift */,
			);
			path = AppetizerListView;
			sourceTree = "<group>";
		};
		989F545F2B502BBB0098E63C /* AccountView */ = {
			isa = PBXGroup;
			children = (
				989F54472B4EA4B30098E63C /* AccountView.swift */,
			);
			path = AccountView;
			sourceTree = "<group>";
		};
		989F54602B502BCE0098E63C /* OrderView */ = {
			isa = PBXGroup;
			children = (
				989F54492B4EA4CD0098E63C /* OrderView.swift */,
			);
			path = OrderView;
			sourceTree = "<group>";
		};
		989F54612B502C5F0098E63C /* Utilities */ = {
			isa = PBXGroup;
			children = (
				989F54642B502CA40098E63C /* Alerts */,
				989F54632B502C870098E63C /* Managers */,
				989F54622B502C7C0098E63C /* Extensions */,
			);
			path = Utilities;
			sourceTree = "<group>";
		};
		989F54622B502C7C0098E63C /* Extensions */ = {
			isa = PBXGroup;
			children = (
				989F54592B4FFE0D0098E63C /* Color+Ext.swift */,
			);
			path = Extensions;
			sourceTree = "<group>";
		};
		989F54632B502C870098E63C /* Managers */ = {
			isa = PBXGroup;
			children = (
				989F544F2B4ED8B80098E63C /* NetworkManager.swift */,
			);
			path = Managers;
			sourceTree = "<group>";
		};
		989F54642B502CA40098E63C /* Alerts */ = {
			isa = PBXGroup;
			children = (
				989F54512B4EDBB80098E63C /* APError.swift */,
				989F54552B4EF1E20098E63C /* Alert.swift */,
			);
			path = Alerts;
			sourceTree = "<group>";
		};
		989F54652B502CD70098E63C /* Model */ = {
			isa = PBXGroup;
			children = (
				989F544B2B4EB6AC0098E63C /* Appetizer.swift */,
			);
			path = Model;
			sourceTree = "<group>";
		};
		989F54662B502D410098E63C /* Views */ = {
			isa = PBXGroup;
			children = (
				989F54692B502D630098E63C /* Image */,
				989F54682B502D510098E63C /* UiKit Components */,
				989F54672B502D4A0098E63C /* Cells */,
			);
			path = Views;
			sourceTree = "<group>";
		};
		989F54672B502D4A0098E63C /* Cells */ = {
			isa = PBXGroup;
			children = (
				989F544D2B4EBE100098E63C /* AppetizerListCell.swift */,
			);
			path = Cells;
			sourceTree = "<group>";
		};
		989F54682B502D510098E63C /* UiKit Components */ = {
			isa = PBXGroup;
			children = (
				989F54572B4FFC8A0098E63C /* LoadingView.swift */,
			);
			path = "UiKit Components";
			sourceTree = "<group>";
		};
		989F54692B502D630098E63C /* Image */ = {
			isa = PBXGroup;
			children = (
				989F545B2B50137A0098E63C /* RemoteImage.swift */,
			);
			path = Image;
			sourceTree = "<group>";
		};
/* End PBXGroup section */

/* Begin PBXNativeTarget section */
		989F54332B4EA00B0098E63C /* Appetizers */ = {
			isa = PBXNativeTarget;
			buildConfigurationList = 989F54422B4EA00E0098E63C /* Build configuration list for PBXNativeTarget "Appetizers" */;
			buildPhases = (
				989F54302B4EA00B0098E63C /* Sources */,
				989F54312B4EA00B0098E63C /* Frameworks */,
				989F54322B4EA00B0098E63C /* Resources */,
			);
			buildRules = (
			);
			dependencies = (
			);
			name = Appetizers;
			productName = Appetizers;
			productReference = 989F54342B4EA00B0098E63C /* Appetizers.app */;
			productType = "com.apple.product-type.application";
		};
/* End PBXNativeTarget section */

/* Begin PBXProject section */
		989F542C2B4EA00B0098E63C /* Project object */ = {
			isa = PBXProject;
			attributes = {
				BuildIndependentTargetsInParallel = 1;
				LastSwiftUpdateCheck = 1520;
				LastUpgradeCheck = 1520;
				TargetAttributes = {
					989F54332B4EA00B0098E63C = {
						CreatedOnToolsVersion = 15.2;
					};
				};
			};
			buildConfigurationList = 989F542F2B4EA00B0098E63C /* Build configuration list for PBXProject "Appetizers" */;
			compatibilityVersion = "Xcode 14.0";
			developmentRegion = en;
			hasScannedForEncodings = 0;
			knownRegions = (
				en,
				Base,
			);
			mainGroup = 989F542B2B4EA00B0098E63C;
			productRefGroup = 989F54352B4EA00B0098E63C /* Products */;
			projectDirPath = "";
			projectRoot = "";
			targets = (
				989F54332B4EA00B0098E63C /* Appetizers */,
			);
		};
/* End PBXProject section */

/* Begin PBXResourcesBuildPhase section */
		989F54322B4EA00B0098E63C /* Resources */ = {
			isa = PBXResourcesBuildPhase;
			buildActionMask = 2147483647;
			files = (
				989F543F2B4EA00E0098E63C /* Preview Assets.xcassets in Resources */,
				989F543C2B4EA00E0098E63C /* Assets.xcassets in Resources */,
			);
			runOnlyForDeploymentPostprocessing = 0;
		};
/* End PBXResourcesBuildPhase section */

/* Begin PBXSourcesBuildPhase section */
		989F54302B4EA00B0098E63C /* Sources */ = {
			isa = PBXSourcesBuildPhase;
			buildActionMask = 2147483647;
			files = (
				989F544C2B4EB6AC0098E63C /* Appetizer.swift in Sources */,
				989F54522B4EDBB80098E63C /* APError.swift in Sources */,
				989F544E2B4EBE100098E63C /* AppetizerListCell.swift in Sources */,
				989F546B2B502FEE0098E63C /* AppetizerDetailView.swift in Sources */,
				989F54542B4EEF560098E63C /* AppetizerListViewModel.swift in Sources */,
				989F545A2B4FFE0D0098E63C /* Color+Ext.swift in Sources */,
				989F54482B4EA4B30098E63C /* AccountView.swift in Sources */,
				989F54582B4FFC8A0098E63C /* LoadingView.swift in Sources */,
				989F543A2B4EA00B0098E63C /* AppetizerTabView.swift in Sources */,
				989F54502B4ED8B80098E63C /* NetworkManager.swift in Sources */,
				989F545C2B50137A0098E63C /* RemoteImage.swift in Sources */,
				989F54382B4EA00B0098E63C /* AppetizersApp.swift in Sources */,
				989F54562B4EF1E20098E63C /* Alert.swift in Sources */,
				989F54462B4EA49F0098E63C /* AppetizerListView.swift in Sources */,
				989F544A2B4EA4CD0098E63C /* OrderView.swift in Sources */,
			);
			runOnlyForDeploymentPostprocessing = 0;
		};
/* End PBXSourcesBuildPhase section */

/* Begin XCBuildConfiguration section */
		989F54402B4EA00E0098E63C /* Debug */ = {
			isa = XCBuildConfiguration;
			buildSettings = {
				ALWAYS_SEARCH_USER_PATHS = NO;
				ASSETCATALOG_COMPILER_GENERATE_SWIFT_ASSET_SYMBOL_EXTENSIONS = YES;
				CLANG_ANALYZER_NONNULL = YES;
				CLANG_ANALYZER_NUMBER_OBJECT_CONVERSION = YES_AGGRESSIVE;
				CLANG_CXX_LANGUAGE_STANDARD = "gnu++20";
				CLANG_ENABLE_MODULES = YES;
				CLANG_ENABLE_OBJC_ARC = YES;
				CLANG_ENABLE_OBJC_WEAK = YES;
				CLANG_WARN_BLOCK_CAPTURE_AUTORELEASING = YES;
				CLANG_WARN_BOOL_CONVERSION = YES;
				CLANG_WARN_COMMA = YES;
				CLANG_WARN_CONSTANT_CONVERSION = YES;
				CLANG_WARN_DEPRECATED_OBJC_IMPLEMENTATIONS = YES;
				CLANG_WARN_DIRECT_OBJC_ISA_USAGE = YES_ERROR;
				CLANG_WARN_DOCUMENTATION_COMMENTS = YES;
				CLANG_WARN_EMPTY_BODY = YES;
				CLANG_WARN_ENUM_CONVERSION = YES;
				CLANG_WARN_INFINITE_RECURSION = YES;
				CLANG_WARN_INT_CONVERSION = YES;
				CLANG_WARN_NON_LITERAL_NULL_CONVERSION = YES;
				CLANG_WARN_OBJC_IMPLICIT_RETAIN_SELF = YES;
				CLANG_WARN_OBJC_LITERAL_CONVERSION = YES;
				CLANG_WARN_OBJC_ROOT_CLASS = YES_ERROR;
				CLANG_WARN_QUOTED_INCLUDE_IN_FRAMEWORK_HEADER = YES;
				CLANG_WARN_RANGE_LOOP_ANALYSIS = YES;
				CLANG_WARN_STRICT_PROTOTYPES = YES;
				CLANG_WARN_SUSPICIOUS_MOVE = YES;
				CLANG_WARN_UNGUARDED_AVAILABILITY = YES_AGGRESSIVE;
				CLANG_WARN_UNREACHABLE_CODE = YES;
				CLANG_WARN__DUPLICATE_METHOD_MATCH = YES;
				COPY_PHASE_STRIP = NO;
				DEBUG_INFORMATION_FORMAT = dwarf;
				ENABLE_STRICT_OBJC_MSGSEND = YES;
				ENABLE_TESTABILITY = YES;
				ENABLE_USER_SCRIPT_SANDBOXING = YES;
				GCC_C_LANGUAGE_STANDARD = gnu17;
				GCC_DYNAMIC_NO_PIC = NO;
				GCC_NO_COMMON_BLOCKS = YES;
				GCC_OPTIMIZATION_LEVEL = 0;
				GCC_PREPROCESSOR_DEFINITIONS = (
					"DEBUG=1",
					"$(inherited)",
				);
				GCC_WARN_64_TO_32_BIT_CONVERSION = YES;
				GCC_WARN_ABOUT_RETURN_TYPE = YES_ERROR;
				GCC_WARN_UNDECLARED_SELECTOR = YES;
				GCC_WARN_UNINITIALIZED_AUTOS = YES_AGGRESSIVE;
				GCC_WARN_UNUSED_FUNCTION = YES;
				GCC_WARN_UNUSED_VARIABLE = YES;
				IPHONEOS_DEPLOYMENT_TARGET = 17.2;
				LOCALIZATION_PREFERS_STRING_CATALOGS = YES;
				MTL_ENABLE_DEBUG_INFO = INCLUDE_SOURCE;
				MTL_FAST_MATH = YES;
				ONLY_ACTIVE_ARCH = YES;
				SDKROOT = iphoneos;
				SWIFT_ACTIVE_COMPILATION_CONDITIONS = "DEBUG $(inherited)";
				SWIFT_OPTIMIZATION_LEVEL = "-Onone";
			};
			name = Debug;
		};
		989F54412B4EA00E0098E63C /* Release */ = {
			isa = XCBuildConfiguration;
			buildSettings = {
				ALWAYS_SEARCH_USER_PATHS = NO;
				ASSETCATALOG_COMPILER_GENERATE_SWIFT_ASSET_SYMBOL_EXTENSIONS = YES;
				CLANG_ANALYZER_NONNULL = YES;
				CLANG_ANALYZER_NUMBER_OBJECT_CONVERSION = YES_AGGRESSIVE;
				CLANG_CXX_LANGUAGE_STANDARD = "gnu++20";
				CLANG_ENABLE_MODULES = YES;
				CLANG_ENABLE_OBJC_ARC = YES;
				CLANG_ENABLE_OBJC_WEAK = YES;
				CLANG_WARN_BLOCK_CAPTURE_AUTORELEASING = YES;
				CLANG_WARN_BOOL_CONVERSION = YES;
				CLANG_WARN_COMMA = YES;
				CLANG_WARN_CONSTANT_CONVERSION = YES;
				CLANG_WARN_DEPRECATED_OBJC_IMPLEMENTATIONS = YES;
				CLANG_WARN_DIRECT_OBJC_ISA_USAGE = YES_ERROR;
				CLANG_WARN_DOCUMENTATION_COMMENTS = YES;
				CLANG_WARN_EMPTY_BODY = YES;
				CLANG_WARN_ENUM_CONVERSION = YES;
				CLANG_WARN_INFINITE_RECURSION = YES;
				CLANG_WARN_INT_CONVERSION = YES;
				CLANG_WARN_NON_LITERAL_NULL_CONVERSION = YES;
				CLANG_WARN_OBJC_IMPLICIT_RETAIN_SELF = YES;
				CLANG_WARN_OBJC_LITERAL_CONVERSION = YES;
				CLANG_WARN_OBJC_ROOT_CLASS = YES_ERROR;
				CLANG_WARN_QUOTED_INCLUDE_IN_FRAMEWORK_HEADER = YES;
				CLANG_WARN_RANGE_LOOP_ANALYSIS = YES;
				CLANG_WARN_STRICT_PROTOTYPES = YES;
				CLANG_WARN_SUSPICIOUS_MOVE = YES;
				CLANG_WARN_UNGUARDED_AVAILABILITY = YES_AGGRESSIVE;
				CLANG_WARN_UNREACHABLE_CODE = YES;
				CLANG_WARN__DUPLICATE_METHOD_MATCH = YES;
				COPY_PHASE_STRIP = NO;
				DEBUG_INFORMATION_FORMAT = "dwarf-with-dsym";
				ENABLE_NS_ASSERTIONS = NO;
				ENABLE_STRICT_OBJC_MSGSEND = YES;
				ENABLE_USER_SCRIPT_SANDBOXING = YES;
				GCC_C_LANGUAGE_STANDARD = gnu17;
				GCC_NO_COMMON_BLOCKS = YES;
				GCC_WARN_64_TO_32_BIT_CONVERSION = YES;
				GCC_WARN_ABOUT_RETURN_TYPE = YES_ERROR;
				GCC_WARN_UNDECLARED_SELECTOR = YES;
				GCC_WARN_UNINITIALIZED_AUTOS = YES_AGGRESSIVE;
				GCC_WARN_UNUSED_FUNCTION = YES;
				GCC_WARN_UNUSED_VARIABLE = YES;
				IPHONEOS_DEPLOYMENT_TARGET = 17.2;
				LOCALIZATION_PREFERS_STRING_CATALOGS = YES;
				MTL_ENABLE_DEBUG_INFO = NO;
				MTL_FAST_MATH = YES;
				SDKROOT = iphoneos;
				SWIFT_COMPILATION_MODE = wholemodule;
				VALIDATE_PRODUCT = YES;
			};
			name = Release;
		};
		989F54432B4EA00E0098E63C /* Debug */ = {
			isa = XCBuildConfiguration;
			buildSettings = {
				ASSETCATALOG_COMPILER_APPICON_NAME = AppIcon;
				ASSETCATALOG_COMPILER_GLOBAL_ACCENT_COLOR_NAME = AccentColor;
				CODE_SIGN_STYLE = Automatic;
				CURRENT_PROJECT_VERSION = 1;
				DEVELOPMENT_ASSET_PATHS = "\"Appetizers/Preview Content\"";
				ENABLE_PREVIEWS = YES;
				GENERATE_INFOPLIST_FILE = YES;
				INFOPLIST_KEY_UIApplicationSceneManifest_Generation = YES;
				INFOPLIST_KEY_UIApplicationSupportsIndirectInputEvents = YES;
				INFOPLIST_KEY_UILaunchScreen_Generation = YES;
				INFOPLIST_KEY_UISupportedInterfaceOrientations_iPad = "UIInterfaceOrientationPortrait UIInterfaceOrientationPortraitUpsideDown UIInterfaceOrientationLandscapeLeft UIInterfaceOrientationLandscapeRight";
				INFOPLIST_KEY_UISupportedInterfaceOrientations_iPhone = "UIInterfaceOrientationPortrait UIInterfaceOrientationLandscapeLeft UIInterfaceOrientationLandscapeRight";
				LD_RUNPATH_SEARCH_PATHS = (
					"$(inherited)",
					"@executable_path/Frameworks",
				);
				MARKETING_VERSION = 1.0;
				PRODUCT_BUNDLE_IDENTIFIER = com.Appetizers;
				PRODUCT_NAME = "$(TARGET_NAME)";
				SWIFT_EMIT_LOC_STRINGS = YES;
				SWIFT_VERSION = 5.0;
				TARGETED_DEVICE_FAMILY = "1,2";
			};
			name = Debug;
		};
		989F54442B4EA00E0098E63C /* Release */ = {
			isa = XCBuildConfiguration;
			buildSettings = {
				ASSETCATALOG_COMPILER_APPICON_NAME = AppIcon;
				ASSETCATALOG_COMPILER_GLOBAL_ACCENT_COLOR_NAME = AccentColor;
				CODE_SIGN_STYLE = Automatic;
				CURRENT_PROJECT_VERSION = 1;
				DEVELOPMENT_ASSET_PATHS = "\"Appetizers/Preview Content\"";
				ENABLE_PREVIEWS = YES;
				GENERATE_INFOPLIST_FILE = YES;
				INFOPLIST_KEY_UIApplicationSceneManifest_Generation = YES;
				INFOPLIST_KEY_UIApplicationSupportsIndirectInputEvents = YES;
				INFOPLIST_KEY_UILaunchScreen_Generation = YES;
				INFOPLIST_KEY_UISupportedInterfaceOrientations_iPad = "UIInterfaceOrientationPortrait UIInterfaceOrientationPortraitUpsideDown UIInterfaceOrientationLandscapeLeft UIInterfaceOrientationLandscapeRight";
				INFOPLIST_KEY_UISupportedInterfaceOrientations_iPhone = "UIInterfaceOrientationPortrait UIInterfaceOrientationLandscapeLeft UIInterfaceOrientationLandscapeRight";
				LD_RUNPATH_SEARCH_PATHS = (
					"$(inherited)",
					"@executable_path/Frameworks",
				);
				MARKETING_VERSION = 1.0;
				PRODUCT_BUNDLE_IDENTIFIER = com.Appetizers;
				PRODUCT_NAME = "$(TARGET_NAME)";
				SWIFT_EMIT_LOC_STRINGS = YES;
				SWIFT_VERSION = 5.0;
				TARGETED_DEVICE_FAMILY = "1,2";
			};
			name = Release;
		};
/* End XCBuildConfiguration section */

/* Begin XCConfigurationList section */
		989F542F2B4EA00B0098E63C /* Build configuration list for PBXProject "Appetizers" */ = {
			isa = XCConfigurationList;
			buildConfigurations = (
				989F54402B4EA00E0098E63C /* Debug */,
				989F54412B4EA00E0098E63C /* Release */,
			);
			defaultConfigurationIsVisible = 0;
			defaultConfigurationName = Release;
		};
		989F54422B4EA00E0098E63C /* Build configuration list for PBXNativeTarget "Appetizers" */ = {
			isa = XCConfigurationList;
			buildConfigurations = (
				989F54432B4EA00E0098E63C /* Debug */,
				989F54442B4EA00E0098E63C /* Release */,
			);
			defaultConfigurationIsVisible = 0;
			defaultConfigurationName = Release;
		};
/* End XCConfigurationList section */
	};
	rootObject = 989F542C2B4EA00B0098E63C /* Project object */;
}
